
Microsoft Visual Studio Solution File, Format Version 12.00
# Visual Studio Version 16
VisualStudioVersion = 16.0.30907.101
MinimumVisualStudioVersion = 10.0.40219.1
Project("{FAE04EC0-301F-11D3-BF4B-00C04F79EFBC}") = "DynamicLZW", "DynamicLZW\DynamicLZW.csproj", "{C8EC0A3C-3403-428B-B705-B29C54891D55}"
EndProject
Project("{FAE04EC0-301F-11D3-BF4B-00C04F79EFBC}") = "DynamicLZWTests", "DynamicLZWTests\DynamicLZWTests.csproj", "{98A50AA8-3EA3-482F-95BC-8B1762CA2F80}"
EndProject
Global
	GlobalSection(SolutionConfigurationPlatforms) = preSolution
		Debug|Any CPU = Debug|Any CPU
		Release|Any CPU = Release|Any CPU
	EndGlobalSection
	GlobalSection(ProjectConfigurationPlatforms) = postSolution
		{C8EC0A3C-3403-428B-B705-B29C54891D55}.Debug|Any CPU.ActiveCfg = Debug|Any CPU
		{C8EC0A3C-3403-428B-B705-B29C54891D55}.Debug|Any CPU.Build.0 = Debug|Any CPU
		{C8EC0A3C-3403-428B-B705-B29C54891D55}.Release|Any CPU.ActiveCfg = Release|Any CPU
		{C8EC0A3C-3403-428B-B705-B29C54891D55}.Release|Any CPU.Build.0 = Release|Any CPU
		{98A50AA8-3EA3-482F-95BC-8B1762CA2F80}.Debug|Any CPU.ActiveCfg = Debug|Any CPU
		{98A50AA8-3EA3-482F-95BC-8B1762CA2F80}.Debug|Any CPU.Build.0 = Debug|Any CPU
		{98A50AA8-3EA3-482F-95BC-8B1762CA2F80}.Release|Any CPU.ActiveCfg = Release|Any CPU
		{98A50AA8-3EA3-482F-95BC-8B1762CA2F80}.Release|Any CPU.Build.0 = Release|Any CPU
	EndGlobalSection
	GlobalSection(SolutionProperties) = preSolution
		HideSolutionNode = FALSE
	EndGlobalSection
	GlobalSection(ExtensibilityGlobals) = postSolution
		SolutionGuid = {08E7CD78-94B7-4A16-A28D-BCE7769B57B4}
	EndGlobalSection
EndGlobal
